
Microsoft Visual Studio Solution File, Format Version 12.00
# Visual Studio Version 17
VisualStudioVersion = 17.14.36327.8 d17.14
MinimumVisualStudioVersion = 10.0.40219.1
Project("{FAE04EC0-301F-11D3-BF4B-00C04F79EFBC}") = "DevQuestions", "DevQuestions\DevQuestions.csproj", "{D32D47AF-4102-4BAA-B2A1-4D9C30BE57CB}"
EndProject
Global
	GlobalSection(SolutionConfigurationPlatforms) = preSolution
		Debug|Any CPU = Debug|Any CPU
		Release|Any CPU = Release|Any CPU
	EndGlobalSection
	GlobalSection(ProjectConfigurationPlatforms) = postSolution
		{D32D47AF-4102-4BAA-B2A1-4D9C30BE57CB}.Debug|Any CPU.ActiveCfg = Debug|Any CPU
		{D32D47AF-4102-4BAA-B2A1-4D9C30BE57CB}.Debug|Any CPU.Build.0 = Debug|Any CPU
		{D32D47AF-4102-4BAA-B2A1-4D9C30BE57CB}.Release|Any CPU.ActiveCfg = Release|Any CPU
		{D32D47AF-4102-4BAA-B2A1-4D9C30BE57CB}.Release|Any CPU.Build.0 = Release|Any CPU
	EndGlobalSection
	GlobalSection(SolutionProperties) = preSolution
		HideSolutionNode = FALSE
	EndGlobalSection
	GlobalSection(ExtensibilityGlobals) = postSolution
		SolutionGuid = {F635EB48-EB08-474A-A4AD-39ED1760B90B}
	EndGlobalSection
EndGlobal
